
Microsoft Visual Studio Solution File, Format Version 12.00
# Visual Studio 2017
Project("{FAE04EC0-301F-11D3-BF4B-00C04F79EFBC}") = "UI-sandbox", "UI-sandbox.csproj", "{3D272A41-3C2E-B923-6F04-B709F19C8592}"
EndProject
Project("{FAE04EC0-301F-11D3-BF4B-00C04F79EFBC}") = "UI-sandbox.Editor", "UI-sandbox.Editor.csproj", "{222A619C-0DAB-4187-8C22-7D632F6BAC61}"
EndProject
Global
	GlobalSection(SolutionConfigurationPlatforms) = preSolution
		Debug|Any CPU = Debug|Any CPU
		Release|Any CPU = Release|Any CPU
	EndGlobalSection
	GlobalSection(ProjectConfigurationPlatforms) = postSolution
		{3D272A41-3C2E-B923-6F04-B709F19C8592}.Debug|Any CPU.ActiveCfg = Debug|Any CPU
		{3D272A41-3C2E-B923-6F04-B709F19C8592}.Debug|Any CPU.Build.0 = Debug|Any CPU
		{3D272A41-3C2E-B923-6F04-B709F19C8592}.Release|Any CPU.ActiveCfg = Release|Any CPU
		{3D272A41-3C2E-B923-6F04-B709F19C8592}.Release|Any CPU.Build.0 = Release|Any CPU
		{222A619C-0DAB-4187-8C22-7D632F6BAC61}.Debug|Any CPU.ActiveCfg = Debug|Any CPU
		{222A619C-0DAB-4187-8C22-7D632F6BAC61}.Debug|Any CPU.Build.0 = Debug|Any CPU
		{222A619C-0DAB-4187-8C22-7D632F6BAC61}.Release|Any CPU.ActiveCfg = Release|Any CPU
		{222A619C-0DAB-4187-8C22-7D632F6BAC61}.Release|Any CPU.Build.0 = Release|Any CPU
	EndGlobalSection
	GlobalSection(SolutionProperties) = preSolution
		HideSolutionNode = FALSE
	EndGlobalSection
EndGlobal
